
Microsoft Visual Studio Solution File, Format Version 12.00
# Visual Studio Version 16
VisualStudioVersion = 16.0.30114.105
MinimumVisualStudioVersion = 10.0.40219.1
Project("{FAE04EC0-301F-11D3-BF4B-00C04F79EFBC}") = "API", "API\API.csproj", "{122A281D-452F-4542-88D5-F17313F21E43}"
EndProject
Project("{FAE04EC0-301F-11D3-BF4B-00C04F79EFBC}") = "Core", "Core\Core.csproj", "{827AC038-4AF4-44B2-ABBC-15D02F8B78D2}"
EndProject
Project("{FAE04EC0-301F-11D3-BF4B-00C04F79EFBC}") = "Infrastructure", "Infrastructure\Infrastructure.csproj", "{0A4C7C51-1A4D-4C96-B008-AAA505A7CC8C}"
EndProject
Global
	GlobalSection(SolutionConfigurationPlatforms) = preSolution
		Debug|Any CPU = Debug|Any CPU
		Release|Any CPU = Release|Any CPU
	EndGlobalSection
	GlobalSection(SolutionProperties) = preSolution
		HideSolutionNode = FALSE
	EndGlobalSection
	GlobalSection(ProjectConfigurationPlatforms) = postSolution
		{122A281D-452F-4542-88D5-F17313F21E43}.Debug|Any CPU.ActiveCfg = Debug|Any CPU
		{122A281D-452F-4542-88D5-F17313F21E43}.Debug|Any CPU.Build.0 = Debug|Any CPU
		{122A281D-452F-4542-88D5-F17313F21E43}.Release|Any CPU.ActiveCfg = Release|Any CPU
		{122A281D-452F-4542-88D5-F17313F21E43}.Release|Any CPU.Build.0 = Release|Any CPU
		{827AC038-4AF4-44B2-ABBC-15D02F8B78D2}.Debug|Any CPU.ActiveCfg = Debug|Any CPU
		{827AC038-4AF4-44B2-ABBC-15D02F8B78D2}.Debug|Any CPU.Build.0 = Debug|Any CPU
		{827AC038-4AF4-44B2-ABBC-15D02F8B78D2}.Release|Any CPU.ActiveCfg = Release|Any CPU
		{827AC038-4AF4-44B2-ABBC-15D02F8B78D2}.Release|Any CPU.Build.0 = Release|Any CPU
		{0A4C7C51-1A4D-4C96-B008-AAA505A7CC8C}.Debug|Any CPU.ActiveCfg = Debug|Any CPU
		{0A4C7C51-1A4D-4C96-B008-AAA505A7CC8C}.Debug|Any CPU.Build.0 = Debug|Any CPU
		{0A4C7C51-1A4D-4C96-B008-AAA505A7CC8C}.Release|Any CPU.ActiveCfg = Release|Any CPU
		{0A4C7C51-1A4D-4C96-B008-AAA505A7CC8C}.Release|Any CPU.Build.0 = Release|Any CPU
	EndGlobalSection
EndGlobal
